
Microsoft Visual Studio Solution File, Format Version 12.00
# Visual Studio Version 16
VisualStudioVersion = 25.0.1704.5
MinimumVisualStudioVersion = 10.0.40219.1
Project("{FAE04EC0-301F-11D3-BF4B-00C04F79EFBC}") = "Webapp", "Webapp\Webapp.csproj", "{3F223EEB-DB38-4E16-A4C3-69FAE6D66393}"
EndProject
Project("{FAE04EC0-301F-11D3-BF4B-00C04F79EFBC}") = "Entities", "Entities\Entities.csproj", "{A25928EF-0190-4C85-AAFF-5BD540458B96}"
EndProject
Project("{FAE04EC0-301F-11D3-BF4B-00C04F79EFBC}") = "Repository", "Repository\Repository.csproj", "{D5AE408C-77FB-4D1E-A967-03F5FC64FBE1}"
EndProject
Project("{FAE04EC0-301F-11D3-BF4B-00C04F79EFBC}") = "ApplicationBusiness", "ApplicationBusiness\ApplicationBusiness.csproj", "{DF8DD7FE-158F-4A99-8D07-0C8C83B8648E}"
EndProject
Global
	GlobalSection(SolutionConfigurationPlatforms) = preSolution
		Debug|Any CPU = Debug|Any CPU
		Release|Any CPU = Release|Any CPU
	EndGlobalSection
	GlobalSection(ProjectConfigurationPlatforms) = postSolution
		{3F223EEB-DB38-4E16-A4C3-69FAE6D66393}.Debug|Any CPU.ActiveCfg = Debug|Any CPU
		{3F223EEB-DB38-4E16-A4C3-69FAE6D66393}.Debug|Any CPU.Build.0 = Debug|Any CPU
		{3F223EEB-DB38-4E16-A4C3-69FAE6D66393}.Release|Any CPU.ActiveCfg = Release|Any CPU
		{3F223EEB-DB38-4E16-A4C3-69FAE6D66393}.Release|Any CPU.Build.0 = Release|Any CPU
		{A25928EF-0190-4C85-AAFF-5BD540458B96}.Debug|Any CPU.ActiveCfg = Debug|Any CPU
		{A25928EF-0190-4C85-AAFF-5BD540458B96}.Debug|Any CPU.Build.0 = Debug|Any CPU
		{A25928EF-0190-4C85-AAFF-5BD540458B96}.Release|Any CPU.ActiveCfg = Release|Any CPU
		{A25928EF-0190-4C85-AAFF-5BD540458B96}.Release|Any CPU.Build.0 = Release|Any CPU
		{D5AE408C-77FB-4D1E-A967-03F5FC64FBE1}.Debug|Any CPU.ActiveCfg = Debug|Any CPU
		{D5AE408C-77FB-4D1E-A967-03F5FC64FBE1}.Debug|Any CPU.Build.0 = Debug|Any CPU
		{D5AE408C-77FB-4D1E-A967-03F5FC64FBE1}.Release|Any CPU.ActiveCfg = Release|Any CPU
		{D5AE408C-77FB-4D1E-A967-03F5FC64FBE1}.Release|Any CPU.Build.0 = Release|Any CPU
		{DF8DD7FE-158F-4A99-8D07-0C8C83B8648E}.Debug|Any CPU.ActiveCfg = Debug|Any CPU
		{DF8DD7FE-158F-4A99-8D07-0C8C83B8648E}.Debug|Any CPU.Build.0 = Debug|Any CPU
		{DF8DD7FE-158F-4A99-8D07-0C8C83B8648E}.Release|Any CPU.ActiveCfg = Release|Any CPU
		{DF8DD7FE-158F-4A99-8D07-0C8C83B8648E}.Release|Any CPU.Build.0 = Release|Any CPU
	EndGlobalSection
	GlobalSection(SolutionProperties) = preSolution
		HideSolutionNode = FALSE
	EndGlobalSection
	GlobalSection(ExtensibilityGlobals) = postSolution
		SolutionGuid = {D9449FE2-C024-4DC4-BCCF-C8A43587FFAC}
	EndGlobalSection
EndGlobal
